// !$*UTF8*$!
{
	archiveVersion = 1;
	classes = {
	};
	objectVersion = 46;
	objects = {

/* Begin PBXBuildFile section */
		57AD32781A660B5D00B52385 /* main.m in Sources */ = {isa = PBXBuildFile; fileRef = 57AD32771A660B5D00B52385 /* main.m */; };
		57AD327B1A660B5D00B52385 /* AppDelegate.m in Sources */ = {isa = PBXBuildFile; fileRef = 57AD327A1A660B5D00B52385 /* AppDelegate.m */; };
		57AD327E1A660B5D00B52385 /* TaichungDivingForiPad.xcdatamodeld in Sources */ = {isa = PBXBuildFile; fileRef = 57AD327C1A660B5D00B52385 /* TaichungDivingForiPad.xcdatamodeld */; };
		57AD32891A660B5D00B52385 /* LaunchScreen.xib in Resources */ = {isa = PBXBuildFile; fileRef = 57AD32871A660B5D00B52385 /* LaunchScreen.xib */; };
		57AD32951A660B5D00B52385 /* TaichungDivingForiPadTests.m in Sources */ = {isa = PBXBuildFile; fileRef = 57AD32941A660B5D00B52385 /* TaichungDivingForiPadTests.m */; };
		57AD329F1A66139C00B52385 /* Images.xcassets in Resources */ = {isa = PBXBuildFile; fileRef = 57AD329E1A66139C00B52385 /* Images.xcassets */; };
		57AD32A21A66140200B52385 /* RootViewController.m in Sources */ = {isa = PBXBuildFile; fileRef = 57AD32A11A66140200B52385 /* RootViewController.m */; };
		57AD32A51A66160C00B52385 /* DetailViewController.m in Sources */ = {isa = PBXBuildFile; fileRef = 57AD32A41A66160C00B52385 /* DetailViewController.m */; };
		57B6F7E31A6749B300148AA6 /* Forecast_ShoreViewController.m in Sources */ = {isa = PBXBuildFile; fileRef = 57B6F7E21A6749B300148AA6 /* Forecast_ShoreViewController.m */; };
		57B6F7E61A67642F00148AA6 /* Reachability.m in Sources */ = {isa = PBXBuildFile; fileRef = 57B6F7E51A67642F00148AA6 /* Reachability.m */; };
		57B6F7E81A6766AC00148AA6 /* icons.bundle in Resources */ = {isa = PBXBuildFile; fileRef = 57B6F7E71A6766AC00148AA6 /* icons.bundle */; };
/* End PBXBuildFile section */

/* Begin PBXContainerItemProxy section */
		57AD328F1A660B5D00B52385 /* PBXContainerItemProxy */ = {
			isa = PBXContainerItemProxy;
			containerPortal = 57AD326A1A660B5D00B52385 /* Project object */;
			proxyType = 1;
			remoteGlobalIDString = 57AD32711A660B5D00B52385;
			remoteInfo = TaichungDivingForiPad;
		};
/* End PBXContainerItemProxy section */

/* Begin PBXFileReference section */
		57AD32721A660B5D00B52385 /* TaichungDivingForiPad.app */ = {isa = PBXFileReference; explicitFileType = wrapper.application; includeInIndex = 0; path = TaichungDivingForiPad.app; sourceTree = BUILT_PRODUCTS_DIR; };
		57AD32761A660B5D00B52385 /* Info.plist */ = {isa = PBXFileReference; lastKnownFileType = text.plist.xml; path = Info.plist; sourceTree = "<group>"; };
		57AD32771A660B5D00B52385 /* main.m */ = {isa = PBXFileReference; lastKnownFileType = sourcecode.c.objc; path = main.m; sourceTree = "<group>"; };
		57AD32791A660B5D00B52385 /* AppDelegate.h */ = {isa = PBXFileReference; lastKnownFileType = sourcecode.c.h; path = AppDelegate.h; sourceTree = "<group>"; };
		57AD327A1A660B5D00B52385 /* AppDelegate.m */ = {isa = PBXFileReference; lastKnownFileType = sourcecode.c.objc; path = AppDelegate.m; sourceTree = "<group>"; };
		57AD327D1A660B5D00B52385 /* TaichungDivingForiPad.xcdatamodel */ = {isa = PBXFileReference; lastKnownFileType = wrapper.xcdatamodel; path = TaichungDivingForiPad.xcdatamodel; sourceTree = "<group>"; };
		57AD32881A660B5D00B52385 /* Base */ = {isa = PBXFileReference; lastKnownFileType = file.xib; name = Base; path = Base.lproj/LaunchScreen.xib; sourceTree = "<group>"; };
		57AD328E1A660B5D00B52385 /* TaichungDivingForiPadTests.xctest */ = {isa = PBXFileReference; explicitFileType = wrapper.cfbundle; includeInIndex = 0; path = TaichungDivingForiPadTests.xctest; sourceTree = BUILT_PRODUCTS_DIR; };
		57AD32931A660B5D00B52385 /* Info.plist */ = {isa = PBXFileReference; lastKnownFileType = text.plist.xml; path = Info.plist; sourceTree = "<group>"; };
		57AD32941A660B5D00B52385 /* TaichungDivingForiPadTests.m */ = {isa = PBXFileReference; lastKnownFileType = sourcecode.c.objc; path = TaichungDivingForiPadTests.m; sourceTree = "<group>"; };
		57AD329E1A66139C00B52385 /* Images.xcassets */ = {isa = PBXFileReference; lastKnownFileType = folder.assetcatalog; name = Images.xcassets; path = TaichungDivingForiPad/Images.xcassets; sourceTree = "<group>"; };
		57AD32A01A66140200B52385 /* RootViewController.h */ = {isa = PBXFileReference; fileEncoding = 4; lastKnownFileType = sourcecode.c.h; path = RootViewController.h; sourceTree = "<group>"; };
		57AD32A11A66140200B52385 /* RootViewController.m */ = {isa = PBXFileReference; fileEncoding = 4; lastKnownFileType = sourcecode.c.objc; path = RootViewController.m; sourceTree = "<group>"; };
		57AD32A31A66160C00B52385 /* DetailViewController.h */ = {isa = PBXFileReference; fileEncoding = 4; lastKnownFileType = sourcecode.c.h; path = DetailViewController.h; sourceTree = "<group>"; };
		57AD32A41A66160C00B52385 /* DetailViewController.m */ = {isa = PBXFileReference; fileEncoding = 4; lastKnownFileType = sourcecode.c.objc; path = DetailViewController.m; sourceTree = "<group>"; };
		57B6F7E11A6749B300148AA6 /* Forecast_ShoreViewController.h */ = {isa = PBXFileReference; fileEncoding = 4; lastKnownFileType = sourcecode.c.h; path = Forecast_ShoreViewController.h; sourceTree = "<group>"; };
		57B6F7E21A6749B300148AA6 /* Forecast_ShoreViewController.m */ = {isa = PBXFileReference; fileEncoding = 4; lastKnownFileType = sourcecode.c.objc; path = Forecast_ShoreViewController.m; sourceTree = "<group>"; };
		57B6F7E41A67642F00148AA6 /* Reachability.h */ = {isa = PBXFileReference; fileEncoding = 4; lastKnownFileType = sourcecode.c.h; name = Reachability.h; path = ../Reachability.h; sourceTree = "<group>"; };
		57B6F7E51A67642F00148AA6 /* Reachability.m */ = {isa = PBXFileReference; fileEncoding = 4; lastKnownFileType = sourcecode.c.objc; name = Reachability.m; path = ../Reachability.m; sourceTree = "<group>"; };
		57B6F7E71A6766AC00148AA6 /* icons.bundle */ = {isa = PBXFileReference; lastKnownFileType = "wrapper.plug-in"; path = icons.bundle; sourceTree = "<group>"; };
/* End PBXFileReference section */

/* Begin PBXFrameworksBuildPhase section */
		57AD326F1A660B5D00B52385 /* Frameworks */ = {
			isa = PBXFrameworksBuildPhase;
			buildActionMask = 2147483647;
			files = (
			);
			runOnlyForDeploymentPostprocessing = 0;
		};
		57AD328B1A660B5D00B52385 /* Frameworks */ = {
			isa = PBXFrameworksBuildPhase;
			buildActionMask = 2147483647;
			files = (
			);
			runOnlyForDeploymentPostprocessing = 0;
		};
/* End PBXFrameworksBuildPhase section */

/* Begin PBXGroup section */
		57AD32691A660B5D00B52385 = {
			isa = PBXGroup;
			children = (
				57B6F7E91A6766B400148AA6 /* icons */,
				57AD32741A660B5D00B52385 /* TaichungDivingForiPad */,
				57AD32911A660B5D00B52385 /* TaichungDivingForiPadTests */,
				57AD32731A660B5D00B52385 /* Products */,
			);
			sourceTree = "<group>";
		};
		57AD32731A660B5D00B52385 /* Products */ = {
			isa = PBXGroup;
			children = (
				57AD32721A660B5D00B52385 /* TaichungDivingForiPad.app */,
				57AD328E1A660B5D00B52385 /* TaichungDivingForiPadTests.xctest */,
			);
			name = Products;
			sourceTree = "<group>";
		};
		57AD32741A660B5D00B52385 /* TaichungDivingForiPad */ = {
			isa = PBXGroup;
			children = (
				57AD32791A660B5D00B52385 /* AppDelegate.h */,
				57AD327A1A660B5D00B52385 /* AppDelegate.m */,
				57AD32A31A66160C00B52385 /* DetailViewController.h */,
				57AD32A41A66160C00B52385 /* DetailViewController.m */,
				57AD32A01A66140200B52385 /* RootViewController.h */,
				57AD32A11A66140200B52385 /* RootViewController.m */,
				57B6F7E11A6749B300148AA6 /* Forecast_ShoreViewController.h */,
				57B6F7E21A6749B300148AA6 /* Forecast_ShoreViewController.m */,
				57AD32871A660B5D00B52385 /* LaunchScreen.xib */,
				57AD32751A660B5D00B52385 /* Supporting Files */,
			);
			path = TaichungDivingForiPad;
			sourceTree = "<group>";
		};
		57AD32751A660B5D00B52385 /* Supporting Files */ = {
			isa = PBXGroup;
			children = (
				57B6F7E41A67642F00148AA6 /* Reachability.h */,
				57B6F7E51A67642F00148AA6 /* Reachability.m */,
				57AD327C1A660B5D00B52385 /* TaichungDivingForiPad.xcdatamodeld */,
				57AD32761A660B5D00B52385 /* Info.plist */,
				57AD32771A660B5D00B52385 /* main.m */,
			);
			name = "Supporting Files";
			sourceTree = "<group>";
		};
		57AD32911A660B5D00B52385 /* TaichungDivingForiPadTests */ = {
			isa = PBXGroup;
			children = (
				57AD32941A660B5D00B52385 /* TaichungDivingForiPadTests.m */,
				57AD32921A660B5D00B52385 /* Supporting Files */,
			);
			path = TaichungDivingForiPadTests;
			sourceTree = "<group>";
		};
		57AD32921A660B5D00B52385 /* Supporting Files */ = {
			isa = PBXGroup;
			children = (
				57AD32931A660B5D00B52385 /* Info.plist */,
			);
			name = "Supporting Files";
			sourceTree = "<group>";
		};
		57B6F7E91A6766B400148AA6 /* icons */ = {
			isa = PBXGroup;
			children = (
				57AD329E1A66139C00B52385 /* Images.xcassets */,
				57B6F7E71A6766AC00148AA6 /* icons.bundle */,
			);
			name = icons;
			sourceTree = "<group>";
		};
/* End PBXGroup section */

/* Begin PBXNativeTarget section */
		57AD32711A660B5D00B52385 /* TaichungDivingForiPad */ = {
			isa = PBXNativeTarget;
			buildConfigurationList = 57AD32981A660B5D00B52385 /* Build configuration list for PBXNativeTarget "TaichungDivingForiPad" */;
			buildPhases = (
				57AD326E1A660B5D00B52385 /* Sources */,
				57AD326F1A660B5D00B52385 /* Frameworks */,
				57AD32701A660B5D00B52385 /* Resources */,
			);
			buildRules = (
			);
			dependencies = (
			);
			name = TaichungDivingForiPad;
			productName = TaichungDivingForiPad;
			productReference = 57AD32721A660B5D00B52385 /* TaichungDivingForiPad.app */;
			productType = "com.apple.product-type.application";
		};
		57AD328D1A660B5D00B52385 /* TaichungDivingForiPadTests */ = {
			isa = PBXNativeTarget;
			buildConfigurationList = 57AD329B1A660B5D00B52385 /* Build configuration list for PBXNativeTarget "TaichungDivingForiPadTests" */;
			buildPhases = (
				57AD328A1A660B5D00B52385 /* Sources */,
				57AD328B1A660B5D00B52385 /* Frameworks */,
				57AD328C1A660B5D00B52385 /* Resources */,
			);
			buildRules = (
			);
			dependencies = (
				57AD32901A660B5D00B52385 /* PBXTargetDependency */,
			);
			name = TaichungDivingForiPadTests;
			productName = TaichungDivingForiPadTests;
			productReference = 57AD328E1A660B5D00B52385 /* TaichungDivingForiPadTests.xctest */;
			productType = "com.apple.product-type.bundle.unit-test";
		};
/* End PBXNativeTarget section */

/* Begin PBXProject section */
		57AD326A1A660B5D00B52385 /* Project object */ = {
			isa = PBXProject;
			attributes = {
				LastUpgradeCheck = 0610;
				ORGANIZATIONNAME = "Samuel Teng";
				TargetAttributes = {
					57AD32711A660B5D00B52385 = {
						CreatedOnToolsVersion = 6.1.1;
						DevelopmentTeam = 7V3E82AMW2;
					};
					57AD328D1A660B5D00B52385 = {
						CreatedOnToolsVersion = 6.1.1;
						TestTargetID = 57AD32711A660B5D00B52385;
					};
				};
			};
			buildConfigurationList = 57AD326D1A660B5D00B52385 /* Build configuration list for PBXProject "TaichungDivingForiPad" */;
			compatibilityVersion = "Xcode 3.2";
			developmentRegion = English;
			hasScannedForEncodings = 0;
			knownRegions = (
				en,
				Base,
			);
			mainGroup = 57AD32691A660B5D00B52385;
			productRefGroup = 57AD32731A660B5D00B52385 /* Products */;
			projectDirPath = "";
			projectRoot = "";
			targets = (
				57AD32711A660B5D00B52385 /* TaichungDivingForiPad */,
				57AD328D1A660B5D00B52385 /* TaichungDivingForiPadTests */,
			);
		};
/* End PBXProject section */

/* Begin PBXResourcesBuildPhase section */
		57AD32701A660B5D00B52385 /* Resources */ = {
			isa = PBXResourcesBuildPhase;
			buildActionMask = 2147483647;
			files = (
				57B6F7E81A6766AC00148AA6 /* icons.bundle in Resources */,
				57AD32891A660B5D00B52385 /* LaunchScreen.xib in Resources */,
				57AD329F1A66139C00B52385 /* Images.xcassets in Resources */,
			);
			runOnlyForDeploymentPostprocessing = 0;
		};
		57AD328C1A660B5D00B52385 /* Resources */ = {
			isa = PBXResourcesBuildPhase;
			buildActionMask = 2147483647;
			files = (
			);
			runOnlyForDeploymentPostprocessing = 0;
		};
/* End PBXResourcesBuildPhase section */

/* Begin PBXSourcesBuildPhase section */
		57AD326E1A660B5D00B52385 /* Sources */ = {
			isa = PBXSourcesBuildPhase;
			buildActionMask = 2147483647;
			files = (
				57AD32A51A66160C00B52385 /* DetailViewController.m in Sources */,
				57AD327B1A660B5D00B52385 /* AppDelegate.m in Sources */,
				57AD327E1A660B5D00B52385 /* TaichungDivingForiPad.xcdatamodeld in Sources */,
				57B6F7E61A67642F00148AA6 /* Reachability.m in Sources */,
				57AD32A21A66140200B52385 /* RootViewController.m in Sources */,
				57AD32781A660B5D00B52385 /* main.m in Sources */,
				57B6F7E31A6749B300148AA6 /* Forecast_ShoreViewController.m in Sources */,
			);
			runOnlyForDeploymentPostprocessing = 0;
		};
		57AD328A1A660B5D00B52385 /* Sources */ = {
			isa = PBXSourcesBuildPhase;
			buildActionMask = 2147483647;
			files = (
				57AD32951A660B5D00B52385 /* TaichungDivingForiPadTests.m in Sources */,
			);
			runOnlyForDeploymentPostprocessing = 0;
		};
/* End PBXSourcesBuildPhase section */

/* Begin PBXTargetDependency section */
		57AD32901A660B5D00B52385 /* PBXTargetDependency */ = {
			isa = PBXTargetDependency;
			target = 57AD32711A660B5D00B52385 /* TaichungDivingForiPad */;
			targetProxy = 57AD328F1A660B5D00B52385 /* PBXContainerItemProxy */;
		};
/* End PBXTargetDependency section */

/* Begin PBXVariantGroup section */
		57AD32871A660B5D00B52385 /* LaunchScreen.xib */ = {
			isa = PBXVariantGroup;
			children = (
				57AD32881A660B5D00B52385 /* Base */,
			);
			name = LaunchScreen.xib;
			sourceTree = "<group>";
		};
/* End PBXVariantGroup section */

/* Begin XCBuildConfiguration section */
		57AD32961A660B5D00B52385 /* Debug */ = {
			isa = XCBuildConfiguration;
			buildSettings = {
				ALWAYS_SEARCH_USER_PATHS = NO;
				CLANG_CXX_LANGUAGE_STANDARD = "gnu++0x";
				CLANG_CXX_LIBRARY = "libc++";
				CLANG_ENABLE_MODULES = YES;
				CLANG_ENABLE_OBJC_ARC = YES;
				CLANG_WARN_BOOL_CONVERSION = YES;
				CLANG_WARN_CONSTANT_CONVERSION = YES;
				CLANG_WARN_DIRECT_OBJC_ISA_USAGE = YES_ERROR;
				CLANG_WARN_EMPTY_BODY = YES;
				CLANG_WARN_ENUM_CONVERSION = YES;
				CLANG_WARN_INT_CONVERSION = YES;
				CLANG_WARN_OBJC_ROOT_CLASS = YES_ERROR;
				CLANG_WARN_UNREACHABLE_CODE = YES;
				CLANG_WARN__DUPLICATE_METHOD_MATCH = YES;
				"CODE_SIGN_IDENTITY[sdk=iphoneos*]" = "iPhone Developer";
				COPY_PHASE_STRIP = NO;
				ENABLE_STRICT_OBJC_MSGSEND = YES;
				GCC_C_LANGUAGE_STANDARD = gnu99;
				GCC_DYNAMIC_NO_PIC = NO;
				GCC_OPTIMIZATION_LEVEL = 0;
				GCC_PREPROCESSOR_DEFINITIONS = (
					"DEBUG=1",
					"$(inherited)",
				);
				GCC_SYMBOLS_PRIVATE_EXTERN = NO;
				GCC_WARN_64_TO_32_BIT_CONVERSION = YES;
				GCC_WARN_ABOUT_RETURN_TYPE = YES_ERROR;
				GCC_WARN_UNDECLARED_SELECTOR = YES;
				GCC_WARN_UNINITIALIZED_AUTOS = YES_AGGRESSIVE;
				GCC_WARN_UNUSED_FUNCTION = YES;
				GCC_WARN_UNUSED_VARIABLE = YES;
				IPHONEOS_DEPLOYMENT_TARGET = 8.1;
				MTL_ENABLE_DEBUG_INFO = YES;
				ONLY_ACTIVE_ARCH = YES;
				SDKROOT = iphoneos;
				TARGETED_DEVICE_FAMILY = 2;
			};
			name = Debug;
		};
		57AD32971A660B5D00B52385 /* Release */ = {
			isa = XCBuildConfiguration;
			buildSettings = {
				ALWAYS_SEARCH_USER_PATHS = NO;
				CLANG_CXX_LANGUAGE_STANDARD = "gnu++0x";
				CLANG_CXX_LIBRARY = "libc++";
				CLANG_ENABLE_MODULES = YES;
				CLANG_ENABLE_OBJC_ARC = YES;
				CLANG_WARN_BOOL_CONVERSION = YES;
				CLANG_WARN_CONSTANT_CONVERSION = YES;
				CLANG_WARN_DIRECT_OBJC_ISA_USAGE = YES_ERROR;
				CLANG_WARN_EMPTY_BODY = YES;
				CLANG_WARN_ENUM_CONVERSION = YES;
				CLANG_WARN_INT_CONVERSION = YES;
				CLANG_WARN_OBJC_ROOT_CLASS = YES_ERROR;
				CLANG_WARN_UNREACHABLE_CODE = YES;
				CLANG_WARN__DUPLICATE_METHOD_MATCH = YES;
				"CODE_SIGN_IDENTITY[sdk=iphoneos*]" = "iPhone Developer";
				COPY_PHASE_STRIP = YES;
				ENABLE_NS_ASSERTIONS = NO;
				ENABLE_STRICT_OBJC_MSGSEND = YES;
				GCC_C_LANGUAGE_STANDARD = gnu99;
				GCC_WARN_64_TO_32_BIT_CONVERSION = YES;
				GCC_WARN_ABOUT_RETURN_TYPE = YES_ERROR;
				GCC_WARN_UNDECLARED_SELECTOR = YES;
				GCC_WARN_UNINITIALIZED_AUTOS = YES_AGGRESSIVE;
				GCC_WARN_UNUSED_FUNCTION = YES;
				GCC_WARN_UNUSED_VARIABLE = YES;
				IPHONEOS_DEPLOYMENT_TARGET = 8.1;
				MTL_ENABLE_DEBUG_INFO = NO;
				SDKROOT = iphoneos;
				TARGETED_DEVICE_FAMILY = 2;
				VALIDATE_PRODUCT = YES;
			};
			name = Release;
		};
		57AD32991A660B5D00B52385 /* Debug */ = {
			isa = XCBuildConfiguration;
			buildSettings = {
				ASSETCATALOG_COMPILER_APPICON_NAME = AppIcon;
				CODE_SIGN_IDENTITY = "iPhone Developer";
				INFOPLIST_FILE = TaichungDivingForiPad/Info.plist;
				IPHONEOS_DEPLOYMENT_TARGET = 7.0;
				LD_RUNPATH_SEARCH_PATHS = "$(inherited) @executable_path/Frameworks";
				PRODUCT_NAME = "$(TARGET_NAME)";
			};
			name = Debug;
		};
		57AD329A1A660B5D00B52385 /* Release */ = {
			isa = XCBuildConfiguration;
			buildSettings = {
				ASSETCATALOG_COMPILER_APPICON_NAME = AppIcon;
				CODE_SIGN_IDENTITY = "iPhone Developer";
				INFOPLIST_FILE = TaichungDivingForiPad/Info.plist;
				IPHONEOS_DEPLOYMENT_TARGET = 7.0;
				LD_RUNPATH_SEARCH_PATHS = "$(inherited) @executable_path/Frameworks";
				PRODUCT_NAME = "$(TARGET_NAME)";
			};
			name = Release;
		};
		57AD329C1A660B5D00B52385 /* Debug */ = {
			isa = XCBuildConfiguration;
			buildSettings = {
				BUNDLE_LOADER = "$(TEST_HOST)";
				FRAMEWORK_SEARCH_PATHS = (
					"$(SDKROOT)/Developer/Library/Frameworks",
					"$(inherited)",
				);
				GCC_PREPROCESSOR_DEFINITIONS = (
					"DEBUG=1",
					"$(inherited)",
				);
				INFOPLIST_FILE = TaichungDivingForiPadTests/Info.plist;
				LD_RUNPATH_SEARCH_PATHS = "$(inherited) @executable_path/Frameworks @loader_path/Frameworks";
				PRODUCT_NAME = "$(TARGET_NAME)";
				TEST_HOST = "$(BUILT_PRODUCTS_DIR)/TaichungDivingForiPad.app/TaichungDivingForiPad";
			};
			name = Debug;
		};
		57AD329D1A660B5D00B52385 /* Release */ = {
			isa = XCBuildConfiguration;
			buildSettings = {
				BUNDLE_LOADER = "$(TEST_HOST)";
				FRAMEWORK_SEARCH_PATHS = (
					"$(SDKROOT)/Developer/Library/Frameworks",
					"$(inherited)",
				);
				INFOPLIST_FILE = TaichungDivingForiPadTests/Info.plist;
				LD_RUNPATH_SEARCH_PATHS = "$(inherited) @executable_path/Frameworks @loader_path/Frameworks";
				PRODUCT_NAME = "$(TARGET_NAME)";
				TEST_HOST = "$(BUILT_PRODUCTS_DIR)/TaichungDivingForiPad.app/TaichungDivingForiPad";
			};
			name = Release;
		};
/* End XCBuildConfiguration section */

/* Begin XCConfigurationList section */
		57AD326D1A660B5D00B52385 /* Build configuration list for PBXProject "TaichungDivingForiPad" */ = {
			isa = XCConfigurationList;
			buildConfigurations = (
				57AD32961A660B5D00B52385 /* Debug */,
				57AD32971A660B5D00B52385 /* Release */,
			);
			defaultConfigurationIsVisible = 0;
			defaultConfigurationName = Release;
		};
		57AD32981A660B5D00B52385 /* Build configuration list for PBXNativeTarget "TaichungDivingForiPad" */ = {
			isa = XCConfigurationList;
			buildConfigurations = (
				57AD32991A660B5D00B52385 /* Debug */,
				57AD329A1A660B5D00B52385 /* Release */,
			);
			defaultConfigurationIsVisible = 0;
			defaultConfigurationName = Release;
		};
		57AD329B1A660B5D00B52385 /* Build configuration list for PBXNativeTarget "TaichungDivingForiPadTests" */ = {
			isa = XCConfigurationList;
			buildConfigurations = (
				57AD329C1A660B5D00B52385 /* Debug */,
				57AD329D1A660B5D00B52385 /* Release */,
			);
			defaultConfigurationIsVisible = 0;
			defaultConfigurationName = Release;
		};
/* End XCConfigurationList section */

/* Begin XCVersionGroup section */
		57AD327C1A660B5D00B52385 /* TaichungDivingForiPad.xcdatamodeld */ = {
			isa = XCVersionGroup;
			children = (
				57AD327D1A660B5D00B52385 /* TaichungDivingForiPad.xcdatamodel */,
			);
			currentVersion = 57AD327D1A660B5D00B52385 /* TaichungDivingForiPad.xcdatamodel */;
			path = TaichungDivingForiPad.xcdatamodeld;
			sourceTree = "<group>";
			versionGroupType = wrapper.xcdatamodel;
		};
/* End XCVersionGroup section */
	};
	rootObject = 57AD326A1A660B5D00B52385 /* Project object */;
}
